
Microsoft Visual Studio Solution File, Format Version 12.00
# Visual Studio Version 16
VisualStudioVersion = 16.0.29319.158
MinimumVisualStudioVersion = 10.0.40219.1
Project("{FAE04EC0-301F-11D3-BF4B-00C04F79EFBC}") = "orchard-decoupled", "orchard-decoupled\orchard-decoupled.csproj", "{0860F1BF-83EF-49F6-A1B9-B2304C18F241}"
EndProject
Global
	GlobalSection(SolutionConfigurationPlatforms) = preSolution
		Debug|Any CPU = Debug|Any CPU
		Release|Any CPU = Release|Any CPU
	EndGlobalSection
	GlobalSection(ProjectConfigurationPlatforms) = postSolution
		{0860F1BF-83EF-49F6-A1B9-B2304C18F241}.Debug|Any CPU.ActiveCfg = Debug|Any CPU
		{0860F1BF-83EF-49F6-A1B9-B2304C18F241}.Debug|Any CPU.Build.0 = Debug|Any CPU
		{0860F1BF-83EF-49F6-A1B9-B2304C18F241}.Release|Any CPU.ActiveCfg = Release|Any CPU
		{0860F1BF-83EF-49F6-A1B9-B2304C18F241}.Release|Any CPU.Build.0 = Release|Any CPU
	EndGlobalSection
	GlobalSection(SolutionProperties) = preSolution
		HideSolutionNode = FALSE
	EndGlobalSection
	GlobalSection(ExtensibilityGlobals) = postSolution
		SolutionGuid = {337CBDEF-149F-415A-ACC5-115E8D016DD1}
	EndGlobalSection
EndGlobal
